dependencies:
- name: common
  repository: https://bjw-s-labs.github.io/helm-charts
  version: 4.2.0
- name: influxdb
  repository: https://charts.bitnami.com/bitnami
  version: 7.1.18
- name: mongodb
  repository: https://charts.bitnami.com/bitnami
  version: 16.5.45
- name: postgresql
  repository: https://charts.bitnami.com/bitnami
  version: 16.7.27
- name: redis
  repository: https://charts.bitnami.com/bitnami
  version: 22.0.7
digest: sha256:10826f14f6c94260f311b5bcef86b76014e72b49386bada1e584cfb24bd6e101
generated: "2025-09-05T14:44:33.557243774Z"
