dependencies:
- name: common
  repository: https://bjw-s-labs.github.io/helm-charts
  version: 4.3.0
- name: influxdb
  repository: https://charts.bitnami.com/bitnami
  version: 7.1.20
- name: mongodb
  repository: https://charts.bitnami.com/bitnami
  version: 16.5.45
- name: postgresql
  repository: https://charts.bitnami.com/bitnami
  version: 18.0.8
- name: redis
  repository: https://charts.bitnami.com/bitnami
  version: 22.0.7
digest: sha256:b7b442188daf14f61571c980316a3d9e4ec8985f39eaa4f6e9b9d0be6f6b67f3
generated: "2025-10-08T06:16:54.557975866Z"
