dependencies:
- name: common
  repository: https://bjw-s-labs.github.io/helm-charts
  version: 4.4.0
- name: influxdb
  repository: https://charts.bitnami.com/bitnami
  version: 7.1.20
- name: mongodb
  repository: https://charts.bitnami.com/bitnami
  version: 18.1.10
- name: postgresql
  repository: https://charts.bitnami.com/bitnami
  version: 18.1.11
- name: redis
  repository: https://charts.bitnami.com/bitnami
  version: 24.0.0
digest: sha256:f9d3a2efa85c7e9dd57efa0e032e4c2984d48b90d70db25025498c3768955837
generated: "2025-11-22T06:15:25.503963123Z"
