dependencies:
- name: common
  repository: https://bjw-s.github.io/helm-charts
  version: 1.2.0
- name: argo-cd
  repository: https://argoproj.github.io/argo-helm
  version: 5.16.1
- name: sealed-secrets
  repository: https://bitnami-labs.github.io/sealed-secrets/
  version: 2.7.0
digest: sha256:1bcb38a4078e07f7cf85a1721b35796ca45dcb872463962afb5b6183aabf7f9e
generated: "2022-12-12T00:03:38.753806549+01:00"
