dependencies:
- name: common
  repository: https://bjw-s-labs.github.io/helm-charts
  version: 4.2.0
- name: postgresql
  repository: https://charts.bitnami.com/bitnami
  version: 16.7.26
- name: mariadb
  repository: https://charts.bitnami.com/bitnami
  version: 22.0.0
- name: influxdb
  repository: https://charts.bitnami.com/bitnami
  version: 7.1.20
digest: sha256:4193e41206ad19b19519f212414b8ea3d4484f0a3fd1937abd8fdcfe407998b2
generated: "2025-09-05T14:39:55.808472797Z"
