dependencies:
- name: common
  repository: https://bjw-s-labs.github.io/helm-charts
  version: 4.6.2
- name: postgresql
  repository: https://charts.bitnami.com/bitnami
  version: 18.4.0
- name: mariadb
  repository: https://charts.bitnami.com/bitnami
  version: 25.0.0
- name: influxdb
  repository: https://charts.bitnami.com/bitnami
  version: 7.1.20
digest: sha256:08918166bffa747551f2072fd5ca2c8055e8b593f9fb4fe38017fbc6dd11e6d3
generated: "2026-02-19T06:35:45.288510953Z"
