dependencies:
- name: common
  repository: https://bjw-s-labs.github.io/helm-charts
  version: 5.0.1
- name: mariadb
  repository: https://charts.bitnami.com/bitnami
  version: 26.1.6
- name: postgresql
  repository: https://charts.bitnami.com/bitnami
  version: 18.7.6
digest: sha256:766588000505382e4815abea53a4fdfaa49c9b56f2608a26111377bd5ed81265
generated: "2026-06-23T07:36:45.030872625Z"
