dependencies:
- name: common
  repository: https://bjw-s-labs.github.io/helm-charts
  version: 4.2.0
- name: mariadb
  repository: https://charts.bitnami.com/bitnami
  version: 21.0.3
- name: postgresql
  repository: https://charts.bitnami.com/bitnami
  version: 16.7.21
digest: sha256:8a0a061da14d87c9eff92278c15a0b488ede6c934038909909fee523c0f60cc8
generated: "2025-07-29T06:25:24.522286901Z"
